// !$*UTF8*$!
{
	archiveVersion = 1;
	classes = {
	};
	objectVersion = 56;
	objects = {

/* Begin PBXBuildFile section */
		596C495A29839FA8002CC4B7 /* ItemsDetailViewScreen.swift in Sources */ = {isa = PBXBuildFile; fileRef = 596C495929839FA8002CC4B7 /* ItemsDetailViewScreen.swift */; };
		596C495C2983AEF6002CC4B7 /* CartScreen.swift in Sources */ = {isa = PBXBuildFile; fileRef = 596C495B2983AEF6002CC4B7 /* CartScreen.swift */; };
		596C495E2983D938002CC4B7 /* SavedTab.swift in Sources */ = {isa = PBXBuildFile; fileRef = 596C495D2983D937002CC4B7 /* SavedTab.swift */; };
		59C1DF7B29810C25004F4CDA /* LoginSwitcher.swift in Sources */ = {isa = PBXBuildFile; fileRef = 59C1DF7A29810C25004F4CDA /* LoginSwitcher.swift */; };
		59C1DF7D29812D00004F4CDA /* HomeTab.swift in Sources */ = {isa = PBXBuildFile; fileRef = 59C1DF7C29812D00004F4CDA /* HomeTab.swift */; };
		59D699D1297FA72800C20C7D /* Login Screen.swift in Sources */ = {isa = PBXBuildFile; fileRef = 59D699D0297FA72800C20C7D /* Login Screen.swift */; };
		59D699D3297FAF7400C20C7D /* ForgetPasswordScreen.swift in Sources */ = {isa = PBXBuildFile; fileRef = 59D699D2297FAF7400C20C7D /* ForgetPasswordScreen.swift */; };
		59D699D5297FBB9000C20C7D /* VerifyOTPScreen.swift in Sources */ = {isa = PBXBuildFile; fileRef = 59D699D4297FBB9000C20C7D /* VerifyOTPScreen.swift */; };
		59D994F929669C2B00EB03FF /* Ecommerce_AppApp.swift in Sources */ = {isa = PBXBuildFile; fileRef = 59D994F829669C2B00EB03FF /* Ecommerce_AppApp.swift */; };
		59D994FB29669C2B00EB03FF /* ContentView.swift in Sources */ = {isa = PBXBuildFile; fileRef = 59D994FA29669C2B00EB03FF /* ContentView.swift */; };
		59D994FD29669C3000EB03FF /* Assets.xcassets in Resources */ = {isa = PBXBuildFile; fileRef = 59D994FC29669C3000EB03FF /* Assets.xcassets */; };
		59D9950029669C3000EB03FF /* Preview Assets.xcassets in Resources */ = {isa = PBXBuildFile; fileRef = 59D994FF29669C3000EB03FF /* Preview Assets.xcassets */; };
		59D9951029669EE500EB03FF /* MainTabContainer.swift in Sources */ = {isa = PBXBuildFile; fileRef = 59D9950F29669EE500EB03FF /* MainTabContainer.swift */; };
		59D9951329669F5300EB03FF /* SignupScreen.swift in Sources */ = {isa = PBXBuildFile; fileRef = 59D9951229669F5300EB03FF /* SignupScreen.swift */; };
		59D995422966A0E500EB03FF /* AppColors.swift in Sources */ = {isa = PBXBuildFile; fileRef = 59D995152966A0D600EB03FF /* AppColors.swift */; };
		59D995432966A0E500EB03FF /* AppImages.swift in Sources */ = {isa = PBXBuildFile; fileRef = 59D995162966A0D600EB03FF /* AppImages.swift */; };
		59D995442966A0E500EB03FF /* LottieAnimations.swift in Sources */ = {isa = PBXBuildFile; fileRef = 59D995172966A0D600EB03FF /* LottieAnimations.swift */; };
		59D995452966A0E500EB03FF /* cancel_booking.json in Resources */ = {isa = PBXBuildFile; fileRef = 59D995192966A0D600EB03FF /* cancel_booking.json */; };
		59D995462966A0E500EB03FF /* loading_animation (1).json in Resources */ = {isa = PBXBuildFile; fileRef = 59D9951A2966A0D600EB03FF /* loading_animation (1).json */; };
		59D995472966A0E500EB03FF /* success.json in Resources */ = {isa = PBXBuildFile; fileRef = 59D9951B2966A0D600EB03FF /* success.json */; };
		59D995482966A0E500EB03FF /* splash_animation.json in Resources */ = {isa = PBXBuildFile; fileRef = 59D9951C2966A0D600EB03FF /* splash_animation.json */; };
		59D995492966A0E500EB03FF /* loading_animation.json in Resources */ = {isa = PBXBuildFile; fileRef = 59D9951D2966A0D600EB03FF /* loading_animation.json */; };
		59D9954A2966A0E500EB03FF /* Constants.swift in Sources */ = {isa = PBXBuildFile; fileRef = 59D9951F2966A0DB00EB03FF /* Constants.swift */; };
		59D9954B2966A0E500EB03FF /* AppData.swift in Sources */ = {isa = PBXBuildFile; fileRef = 59D995202966A0DB00EB03FF /* AppData.swift */; };
		59D995522966A0E500EB03FF /* PullToRefresh.swift in Sources */ = {isa = PBXBuildFile; fileRef = 59D995282966A0E400EB03FF /* PullToRefresh.swift */; };
		59D995532966A0E500EB03FF /* CountryPicker.swift in Sources */ = {isa = PBXBuildFile; fileRef = 59D9952A2966A0E400EB03FF /* CountryPicker.swift */; };
		59D995542966A0E500EB03FF /* Country.swift in Sources */ = {isa = PBXBuildFile; fileRef = 59D9952B2966A0E400EB03FF /* Country.swift */; };
		59D995552966A0E500EB03FF /* countries.plist in Resources */ = {isa = PBXBuildFile; fileRef = 59D9952C2966A0E400EB03FF /* countries.plist */; };
		59D995572966A0E500EB03FF /* ShimmerView.swift in Sources */ = {isa = PBXBuildFile; fileRef = 59D9952E2966A0E400EB03FF /* ShimmerView.swift */; };
		59D9955B2966A0E500EB03FF /* BottomSheet.swift in Sources */ = {isa = PBXBuildFile; fileRef = 59D995322966A0E400EB03FF /* BottomSheet.swift */; };
		59D9955D2966A0E500EB03FF /* WebView.swift in Sources */ = {isa = PBXBuildFile; fileRef = 59D995342966A0E400EB03FF /* WebView.swift */; };
		59D995602966A0E500EB03FF /* GradientButton.swift in Sources */ = {isa = PBXBuildFile; fileRef = 59D995372966A0E400EB03FF /* GradientButton.swift */; };
		59D995622966A0E500EB03FF /* SwipeItem.swift in Sources */ = {isa = PBXBuildFile; fileRef = 59D995392966A0E400EB03FF /* SwipeItem.swift */; };
		59D995632966A0E500EB03FF /* ImageViewer.swift in Sources */ = {isa = PBXBuildFile; fileRef = 59D9953A2966A0E400EB03FF /* ImageViewer.swift */; };
		59D995642966A0E500EB03FF /* MyText.swift in Sources */ = {isa = PBXBuildFile; fileRef = 59D9953B2966A0E400EB03FF /* MyText.swift */; };
		59D995652966A0E500EB03FF /* Dialog.swift in Sources */ = {isa = PBXBuildFile; fileRef = 59D9953C2966A0E400EB03FF /* Dialog.swift */; };
		59D995662966A0E500EB03FF /* DisolvingEffect.swift in Sources */ = {isa = PBXBuildFile; fileRef = 59D9953D2966A0E400EB03FF /* DisolvingEffect.swift */; };
		59D995672966A0E500EB03FF /* Toast.swift in Sources */ = {isa = PBXBuildFile; fileRef = 59D9953E2966A0E400EB03FF /* Toast.swift */; };
		59D995682966A0E500EB03FF /* cera_pro_regular.otf in Resources */ = {isa = PBXBuildFile; fileRef = 59D995402966A0E500EB03FF /* cera_pro_regular.otf */; };
		59D995692966A0E500EB03FF /* AppFonts.swift in Sources */ = {isa = PBXBuildFile; fileRef = 59D995412966A0E500EB03FF /* AppFonts.swift */; };
		59D9956C2966AAF900EB03FF /* Kingfisher in Frameworks */ = {isa = PBXBuildFile; productRef = 59D9956B2966AAF900EB03FF /* Kingfisher */; };
		59D9956F2966AB6A00EB03FF /* Lottie in Frameworks */ = {isa = PBXBuildFile; productRef = 59D9956E2966AB6A00EB03FF /* Lottie */; };
		59D995722966ABC900EB03FF /* Shimmer in Frameworks */ = {isa = PBXBuildFile; productRef = 59D995712966ABC900EB03FF /* Shimmer */; };
		59D995752966AC1C00EB03FF /* Introspect in Frameworks */ = {isa = PBXBuildFile; productRef = 59D995742966AC1C00EB03FF /* Introspect */; };
/* End PBXBuildFile section */

/* Begin PBXFileReference section */
		596C495929839FA8002CC4B7 /* ItemsDetailViewScreen.swift */ = {isa = PBXFileReference; lastKnownFileType = sourcecode.swift; path = ItemsDetailViewScreen.swift; sourceTree = "<group>"; };
		596C495B2983AEF6002CC4B7 /* CartScreen.swift */ = {isa = PBXFileReference; lastKnownFileType = sourcecode.swift; path = CartScreen.swift; sourceTree = "<group>"; };
		596C495D2983D937002CC4B7 /* SavedTab.swift */ = {isa = PBXFileReference; lastKnownFileType = sourcecode.swift; path = SavedTab.swift; sourceTree = "<group>"; };
		59C1DF7A29810C25004F4CDA /* LoginSwitcher.swift */ = {isa = PBXFileReference; lastKnownFileType = sourcecode.swift; path = LoginSwitcher.swift; sourceTree = "<group>"; };
		59C1DF7C29812D00004F4CDA /* HomeTab.swift */ = {isa = PBXFileReference; lastKnownFileType = sourcecode.swift; path = HomeTab.swift; sourceTree = "<group>"; };
		59D699D0297FA72800C20C7D /* Login Screen.swift */ = {isa = PBXFileReference; lastKnownFileType = sourcecode.swift; path = "Login Screen.swift"; sourceTree = "<group>"; };
		59D699D2297FAF7400C20C7D /* ForgetPasswordScreen.swift */ = {isa = PBXFileReference; lastKnownFileType = sourcecode.swift; path = ForgetPasswordScreen.swift; sourceTree = "<group>"; };
		59D699D4297FBB9000C20C7D /* VerifyOTPScreen.swift */ = {isa = PBXFileReference; lastKnownFileType = sourcecode.swift; path = VerifyOTPScreen.swift; sourceTree = "<group>"; };
		59D994F529669C2B00EB03FF /* Ecommerce App.app */ = {isa = PBXFileReference; explicitFileType = wrapper.application; includeInIndex = 0; path = "Ecommerce App.app"; sourceTree = BUILT_PRODUCTS_DIR; };
		59D994F829669C2B00EB03FF /* Ecommerce_AppApp.swift */ = {isa = PBXFileReference; lastKnownFileType = sourcecode.swift; path = Ecommerce_AppApp.swift; sourceTree = "<group>"; };
		59D994FA29669C2B00EB03FF /* ContentView.swift */ = {isa = PBXFileReference; lastKnownFileType = sourcecode.swift; path = ContentView.swift; sourceTree = "<group>"; };
		59D994FC29669C3000EB03FF /* Assets.xcassets */ = {isa = PBXFileReference; lastKnownFileType = folder.assetcatalog; path = Assets.xcassets; sourceTree = "<group>"; };
		59D994FF29669C3000EB03FF /* Preview Assets.xcassets */ = {isa = PBXFileReference; lastKnownFileType = folder.assetcatalog; path = "Preview Assets.xcassets"; sourceTree = "<group>"; };
		59D9950F29669EE500EB03FF /* MainTabContainer.swift */ = {isa = PBXFileReference; lastKnownFileType = sourcecode.swift; path = MainTabContainer.swift; sourceTree = "<group>"; };
		59D9951229669F5300EB03FF /* SignupScreen.swift */ = {isa = PBXFileReference; lastKnownFileType = sourcecode.swift; path = SignupScreen.swift; sourceTree = "<group>"; };
		59D995152966A0D600EB03FF /* AppColors.swift */ = {isa = PBXFileReference; fileEncoding = 4; lastKnownFileType = sourcecode.swift; path = AppColors.swift; sourceTree = "<group>"; };
		59D995162966A0D600EB03FF /* AppImages.swift */ = {isa = PBXFileReference; fileEncoding = 4; lastKnownFileType = sourcecode.swift; path = AppImages.swift; sourceTree = "<group>"; };
		59D995172966A0D600EB03FF /* LottieAnimations.swift */ = {isa = PBXFileReference; fileEncoding = 4; lastKnownFileType = sourcecode.swift; path = LottieAnimations.swift; sourceTree = "<group>"; };
		59D995192966A0D600EB03FF /* cancel_booking.json */ = {isa = PBXFileReference; fileEncoding = 4; lastKnownFileType = text.json; path = cancel_booking.json; sourceTree = "<group>"; };
		59D9951A2966A0D600EB03FF /* loading_animation (1).json */ = {isa = PBXFileReference; fileEncoding = 4; lastKnownFileType = text.json; path = "loading_animation (1).json"; sourceTree = "<group>"; };
		59D9951B2966A0D600EB03FF /* success.json */ = {isa = PBXFileReference; fileEncoding = 4; lastKnownFileType = text.json; path = success.json; sourceTree = "<group>"; };
		59D9951C2966A0D600EB03FF /* splash_animation.json */ = {isa = PBXFileReference; fileEncoding = 4; lastKnownFileType = text.json; path = splash_animation.json; sourceTree = "<group>"; };
		59D9951D2966A0D600EB03FF /* loading_animation.json */ = {isa = PBXFileReference; fileEncoding = 4; lastKnownFileType = text.json; path = loading_animation.json; sourceTree = "<group>"; };
		59D9951F2966A0DB00EB03FF /* Constants.swift */ = {isa = PBXFileReference; fileEncoding = 4; lastKnownFileType = sourcecode.swift; path = Constants.swift; sourceTree = "<group>"; };
		59D995202966A0DB00EB03FF /* AppData.swift */ = {isa = PBXFileReference; fileEncoding = 4; lastKnownFileType = sourcecode.swift; path = AppData.swift; sourceTree = "<group>"; };
		59D995282966A0E400EB03FF /* PullToRefresh.swift */ = {isa = PBXFileReference; fileEncoding = 4; lastKnownFileType = sourcecode.swift; path = PullToRefresh.swift; sourceTree = "<group>"; };
		59D9952A2966A0E400EB03FF /* CountryPicker.swift */ = {isa = PBXFileReference; fileEncoding = 4; lastKnownFileType = sourcecode.swift; path = CountryPicker.swift; sourceTree = "<group>"; };
		59D9952B2966A0E400EB03FF /* Country.swift */ = {isa = PBXFileReference; fileEncoding = 4; lastKnownFileType = sourcecode.swift; path = Country.swift; sourceTree = "<group>"; };
		59D9952C2966A0E400EB03FF /* countries.plist */ = {isa = PBXFileReference; fileEncoding = 4; lastKnownFileType = text.plist.xml; path = countries.plist; sourceTree = "<group>"; };
		59D9952E2966A0E400EB03FF /* ShimmerView.swift */ = {isa = PBXFileReference; fileEncoding = 4; lastKnownFileType = sourcecode.swift; path = ShimmerView.swift; sourceTree = "<group>"; };
		59D995322966A0E400EB03FF /* BottomSheet.swift */ = {isa = PBXFileReference; fileEncoding = 4; lastKnownFileType = sourcecode.swift; path = BottomSheet.swift; sourceTree = "<group>"; };
		59D995342966A0E400EB03FF /* WebView.swift */ = {isa = PBXFileReference; fileEncoding = 4; lastKnownFileType = sourcecode.swift; path = WebView.swift; sourceTree = "<group>"; };
		59D995372966A0E400EB03FF /* GradientButton.swift */ = {isa = PBXFileReference; fileEncoding = 4; lastKnownFileType = sourcecode.swift; path = GradientButton.swift; sourceTree = "<group>"; };
		59D995392966A0E400EB03FF /* SwipeItem.swift */ = {isa = PBXFileReference; fileEncoding = 4; lastKnownFileType = sourcecode.swift; path = SwipeItem.swift; sourceTree = "<group>"; };
		59D9953A2966A0E400EB03FF /* ImageViewer.swift */ = {isa = PBXFileReference; fileEncoding = 4; lastKnownFileType = sourcecode.swift; path = ImageViewer.swift; sourceTree = "<group>"; };
		59D9953B2966A0E400EB03FF /* MyText.swift */ = {isa = PBXFileReference; fileEncoding = 4; lastKnownFileType = sourcecode.swift; path = MyText.swift; sourceTree = "<group>"; };
		59D9953C2966A0E400EB03FF /* Dialog.swift */ = {isa = PBXFileReference; fileEncoding = 4; lastKnownFileType = sourcecode.swift; path = Dialog.swift; sourceTree = "<group>"; };
		59D9953D2966A0E400EB03FF /* DisolvingEffect.swift */ = {isa = PBXFileReference; fileEncoding = 4; lastKnownFileType = sourcecode.swift; path = DisolvingEffect.swift; sourceTree = "<group>"; };
		59D9953E2966A0E400EB03FF /* Toast.swift */ = {isa = PBXFileReference; fileEncoding = 4; lastKnownFileType = sourcecode.swift; path = Toast.swift; sourceTree = "<group>"; };
		59D995402966A0E500EB03FF /* cera_pro_regular.otf */ = {isa = PBXFileReference; lastKnownFileType = file; path = cera_pro_regular.otf; sourceTree = "<group>"; };
		59D995412966A0E500EB03FF /* AppFonts.swift */ = {isa = PBXFileReference; fileEncoding = 4; lastKnownFileType = sourcecode.swift; path = AppFonts.swift; sourceTree = "<group>"; };
/* End PBXFileReference section */

/* Begin PBXFrameworksBuildPhase section */
		59D994F229669C2B00EB03FF /* Frameworks */ = {
			isa = PBXFrameworksBuildPhase;
			buildActionMask = 2147483647;
			files = (
				59D995722966ABC900EB03FF /* Shimmer in Frameworks */,
				59D995752966AC1C00EB03FF /* Introspect in Frameworks */,
				59D9956C2966AAF900EB03FF /* Kingfisher in Frameworks */,
				59D9956F2966AB6A00EB03FF /* Lottie in Frameworks */,
			);
			runOnlyForDeploymentPostprocessing = 0;
		};
/* End PBXFrameworksBuildPhase section */

/* Begin PBXGroup section */
		59D699D6297FBFBE00C20C7D /* Home Screens */ = {
			isa = PBXGroup;
			children = (
				59D9950F29669EE500EB03FF /* MainTabContainer.swift */,
				59C1DF7C29812D00004F4CDA /* HomeTab.swift */,
				596C495929839FA8002CC4B7 /* ItemsDetailViewScreen.swift */,
				596C495B2983AEF6002CC4B7 /* CartScreen.swift */,
				596C495D2983D937002CC4B7 /* SavedTab.swift */,
			);
			path = "Home Screens";
			sourceTree = "<group>";
		};
		59D994EC29669C2B00EB03FF = {
			isa = PBXGroup;
			children = (
				59D994F729669C2B00EB03FF /* Ecommerce App */,
				59D994F629669C2B00EB03FF /* Products */,
			);
			sourceTree = "<group>";
		};
		59D994F629669C2B00EB03FF /* Products */ = {
			isa = PBXGroup;
			children = (
				59D994F529669C2B00EB03FF /* Ecommerce App.app */,
			);
			name = Products;
			sourceTree = "<group>";
		};
		59D994F729669C2B00EB03FF /* Ecommerce App */ = {
			isa = PBXGroup;
			children = (
				59D9953F2966A0E500EB03FF /* Fonts */,
				59D995272966A0E400EB03FF /* Helper Views */,
				59D9951E2966A0DB00EB03FF /* Helpers */,
				59D995142966A0D600EB03FF /* Resources */,
				59D9950E29669ECA00EB03FF /* Screens */,
				59D994F829669C2B00EB03FF /* Ecommerce_AppApp.swift */,
				59D994FA29669C2B00EB03FF /* ContentView.swift */,
				59D994FC29669C3000EB03FF /* Assets.xcassets */,
				59D994FE29669C3000EB03FF /* Preview Content */,
			);
			path = "Ecommerce App";
			sourceTree = "<group>";
		};
		59D994FE29669C3000EB03FF /* Preview Content */ = {
			isa = PBXGroup;
			children = (
				59D994FF29669C3000EB03FF /* Preview Assets.xcassets */,
			);
			path = "Preview Content";
			sourceTree = "<group>";
		};
		59D9950E29669ECA00EB03FF /* Screens */ = {
			isa = PBXGroup;
			children = (
				59D699D6297FBFBE00C20C7D /* Home Screens */,
				59D9951129669F2D00EB03FF /* Authentication Screens */,
			);
			path = Screens;
			sourceTree = "<group>";
		};
		59D9951129669F2D00EB03FF /* Authentication Screens */ = {
			isa = PBXGroup;
			children = (
				59D9951229669F5300EB03FF /* SignupScreen.swift */,
				59D699D0297FA72800C20C7D /* Login Screen.swift */,
				59D699D2297FAF7400C20C7D /* ForgetPasswordScreen.swift */,
				59D699D4297FBB9000C20C7D /* VerifyOTPScreen.swift */,
				59C1DF7A29810C25004F4CDA /* LoginSwitcher.swift */,
			);
			path = "Authentication Screens";
			sourceTree = "<group>";
		};
		59D995142966A0D600EB03FF /* Resources */ = {
			isa = PBXGroup;
			children = (
				59D995152966A0D600EB03FF /* AppColors.swift */,
				59D995162966A0D600EB03FF /* AppImages.swift */,
				59D995172966A0D600EB03FF /* LottieAnimations.swift */,
				59D995182966A0D600EB03FF /* Lottie Animations */,
			);
			path = Resources;
			sourceTree = "<group>";
		};
		59D995182966A0D600EB03FF /* Lottie Animations */ = {
			isa = PBXGroup;
			children = (
				59D995192966A0D600EB03FF /* cancel_booking.json */,
				59D9951A2966A0D600EB03FF /* loading_animation (1).json */,
				59D9951B2966A0D600EB03FF /* success.json */,
				59D9951C2966A0D600EB03FF /* splash_animation.json */,
				59D9951D2966A0D600EB03FF /* loading_animation.json */,
			);
			path = "Lottie Animations";
			sourceTree = "<group>";
		};
		59D9951E2966A0DB00EB03FF /* Helpers */ = {
			isa = PBXGroup;
			children = (
				59D9951F2966A0DB00EB03FF /* Constants.swift */,
				59D995202966A0DB00EB03FF /* AppData.swift */,
			);
			path = Helpers;
			sourceTree = "<group>";
		};
		59D995272966A0E400EB03FF /* Helper Views */ = {
			isa = PBXGroup;
			children = (
				59D995282966A0E400EB03FF /* PullToRefresh.swift */,
				59D995292966A0E400EB03FF /* Country Picker Views */,
				59D9952E2966A0E400EB03FF /* ShimmerView.swift */,
				59D995322966A0E400EB03FF /* BottomSheet.swift */,
				59D995342966A0E400EB03FF /* WebView.swift */,
				59D995372966A0E400EB03FF /* GradientButton.swift */,
				59D995392966A0E400EB03FF /* SwipeItem.swift */,
				59D9953A2966A0E400EB03FF /* ImageViewer.swift */,
				59D9953B2966A0E400EB03FF /* MyText.swift */,
				59D9953C2966A0E400EB03FF /* Dialog.swift */,
				59D9953D2966A0E400EB03FF /* DisolvingEffect.swift */,
				59D9953E2966A0E400EB03FF /* Toast.swift */,
			);
			path = "Helper Views";
			sourceTree = "<group>";
		};
		59D995292966A0E400EB03FF /* Country Picker Views */ = {
			isa = PBXGroup;
			children = (
				59D9952A2966A0E400EB03FF /* CountryPicker.swift */,
				59D9952B2966A0E400EB03FF /* Country.swift */,
				59D9952C2966A0E400EB03FF /* countries.plist */,
			);
			path = "Country Picker Views";
			sourceTree = "<group>";
		};
		59D9953F2966A0E500EB03FF /* Fonts */ = {
			isa = PBXGroup;
			children = (
				59D995402966A0E500EB03FF /* cera_pro_regular.otf */,
				59D995412966A0E500EB03FF /* AppFonts.swift */,
			);
			path = Fonts;
			sourceTree = "<group>";
		};
/* End PBXGroup section */

/* Begin PBXNativeTarget section */
		59D994F429669C2B00EB03FF /* Ecommerce App */ = {
			isa = PBXNativeTarget;
			buildConfigurationList = 59D9950329669C3000EB03FF /* Build configuration list for PBXNativeTarget "Ecommerce App" */;
			buildPhases = (
				59D994F129669C2B00EB03FF /* Sources */,
				59D994F229669C2B00EB03FF /* Frameworks */,
				59D994F329669C2B00EB03FF /* Resources */,
			);
			buildRules = (
			);
			dependencies = (
			);
			name = "Ecommerce App";
			packageProductDependencies = (
				59D9956B2966AAF900EB03FF /* Kingfisher */,
				59D9956E2966AB6A00EB03FF /* Lottie */,
				59D995712966ABC900EB03FF /* Shimmer */,
				59D995742966AC1C00EB03FF /* Introspect */,
			);
			productName = "Ecommerce App";
			productReference = 59D994F529669C2B00EB03FF /* Ecommerce App.app */;
			productType = "com.apple.product-type.application";
		};
/* End PBXNativeTarget section */

/* Begin PBXProject section */
		59D994ED29669C2B00EB03FF /* Project object */ = {
			isa = PBXProject;
			attributes = {
				BuildIndependentTargetsInParallel = 1;
				LastSwiftUpdateCheck = 1420;
				LastUpgradeCheck = 1420;
				TargetAttributes = {
					59D994F429669C2B00EB03FF = {
						CreatedOnToolsVersion = 14.2;
					};
				};
			};
			buildConfigurationList = 59D994F029669C2B00EB03FF /* Build configuration list for PBXProject "Ecommerce App" */;
			compatibilityVersion = "Xcode 14.0";
			developmentRegion = en;
			hasScannedForEncodings = 0;
			knownRegions = (
				en,
				Base,
			);
			mainGroup = 59D994EC29669C2B00EB03FF;
			packageReferences = (
				59D9956A2966AAF900EB03FF /* XCRemoteSwiftPackageReference "Kingfisher" */,
				59D9956D2966AB6A00EB03FF /* XCRemoteSwiftPackageReference "lottie-ios" */,
				59D995702966ABC900EB03FF /* XCRemoteSwiftPackageReference "SwiftUI-Shimmer" */,
				59D995732966AC1C00EB03FF /* XCRemoteSwiftPackageReference "SwiftUI-Introspect" */,
			);
			productRefGroup = 59D994F629669C2B00EB03FF /* Products */;
			projectDirPath = "";
			projectRoot = "";
			targets = (
				59D994F429669C2B00EB03FF /* Ecommerce App */,
			);
		};
/* End PBXProject section */

/* Begin PBXResourcesBuildPhase section */
		59D994F329669C2B00EB03FF /* Resources */ = {
			isa = PBXResourcesBuildPhase;
			buildActionMask = 2147483647;
			files = (
				59D995472966A0E500EB03FF /* success.json in Resources */,
				59D995682966A0E500EB03FF /* cera_pro_regular.otf in Resources */,
				59D995482966A0E500EB03FF /* splash_animation.json in Resources */,
				59D9950029669C3000EB03FF /* Preview Assets.xcassets in Resources */,
				59D995492966A0E500EB03FF /* loading_animation.json in Resources */,
				59D995462966A0E500EB03FF /* loading_animation (1).json in Resources */,
				59D995552966A0E500EB03FF /* countries.plist in Resources */,
				59D994FD29669C3000EB03FF /* Assets.xcassets in Resources */,
				59D995452966A0E500EB03FF /* cancel_booking.json in Resources */,
			);
			runOnlyForDeploymentPostprocessing = 0;
		};
/* End PBXResourcesBuildPhase section */

/* Begin PBXSourcesBuildPhase section */
		59D994F129669C2B00EB03FF /* Sources */ = {
			isa = PBXSourcesBuildPhase;
			buildActionMask = 2147483647;
			files = (
				59D994FB29669C2B00EB03FF /* ContentView.swift in Sources */,
				59D995632966A0E500EB03FF /* ImageViewer.swift in Sources */,
				59D995432966A0E500EB03FF /* AppImages.swift in Sources */,
				59D995662966A0E500EB03FF /* DisolvingEffect.swift in Sources */,
				59D994F929669C2B00EB03FF /* Ecommerce_AppApp.swift in Sources */,
				59D995692966A0E500EB03FF /* AppFonts.swift in Sources */,
				59D699D3297FAF7400C20C7D /* ForgetPasswordScreen.swift in Sources */,
				59D9951029669EE500EB03FF /* MainTabContainer.swift in Sources */,
				59D995622966A0E500EB03FF /* SwipeItem.swift in Sources */,
				59D995422966A0E500EB03FF /* AppColors.swift in Sources */,
				59D9951329669F5300EB03FF /* SignupScreen.swift in Sources */,
				59D9955B2966A0E500EB03FF /* BottomSheet.swift in Sources */,
				59C1DF7D29812D00004F4CDA /* HomeTab.swift in Sources */,
				59D9955D2966A0E500EB03FF /* WebView.swift in Sources */,
				596C495A29839FA8002CC4B7 /* ItemsDetailViewScreen.swift in Sources */,
				59D995652966A0E500EB03FF /* Dialog.swift in Sources */,
				596C495E2983D938002CC4B7 /* SavedTab.swift in Sources */,
				59D699D5297FBB9000C20C7D /* VerifyOTPScreen.swift in Sources */,
				59D995542966A0E500EB03FF /* Country.swift in Sources */,
				59D699D1297FA72800C20C7D /* Login Screen.swift in Sources */,
				59D995602966A0E500EB03FF /* GradientButton.swift in Sources */,
				59D995672966A0E500EB03FF /* Toast.swift in Sources */,
				59D995572966A0E500EB03FF /* ShimmerView.swift in Sources */,
				59D995442966A0E500EB03FF /* LottieAnimations.swift in Sources */,
				59D9954A2966A0E500EB03FF /* Constants.swift in Sources */,
				59D995532966A0E500EB03FF /* CountryPicker.swift in Sources */,
				59C1DF7B29810C25004F4CDA /* LoginSwitcher.swift in Sources */,
				59D995522966A0E500EB03FF /* PullToRefresh.swift in Sources */,
				596C495C2983AEF6002CC4B7 /* CartScreen.swift in Sources */,
				59D995642966A0E500EB03FF /* MyText.swift in Sources */,
				59D9954B2966A0E500EB03FF /* AppData.swift in Sources */,
			);
			runOnlyForDeploymentPostprocessing = 0;
		};
/* End PBXSourcesBuildPhase section */

/* Begin XCBuildConfiguration section */
		59D9950129669C3000EB03FF /* Debug */ = {
			isa = XCBuildConfiguration;
			buildSettings = {
				ALWAYS_SEARCH_USER_PATHS = NO;
				CLANG_ANALYZER_NONNULL = YES;
				CLANG_ANALYZER_NUMBER_OBJECT_CONVERSION = YES_AGGRESSIVE;
				CLANG_CXX_LANGUAGE_STANDARD = "gnu++20";
				CLANG_ENABLE_MODULES = YES;
				CLANG_ENABLE_OBJC_ARC = YES;
				CLANG_ENABLE_OBJC_WEAK = YES;
				CLANG_WARN_BLOCK_CAPTURE_AUTORELEASING = YES;
				CLANG_WARN_BOOL_CONVERSION = YES;
				CLANG_WARN_COMMA = YES;
				CLANG_WARN_CONSTANT_CONVERSION = YES;
				CLANG_WARN_DEPRECATED_OBJC_IMPLEMENTATIONS = YES;
				CLANG_WARN_DIRECT_OBJC_ISA_USAGE = YES_ERROR;
				CLANG_WARN_DOCUMENTATION_COMMENTS = YES;
				CLANG_WARN_EMPTY_BODY = YES;
				CLANG_WARN_ENUM_CONVERSION = YES;
				CLANG_WARN_INFINITE_RECURSION = YES;
				CLANG_WARN_INT_CONVERSION = YES;
				CLANG_WARN_NON_LITERAL_NULL_CONVERSION = YES;
				CLANG_WARN_OBJC_IMPLICIT_RETAIN_SELF = YES;
				CLANG_WARN_OBJC_LITERAL_CONVERSION = YES;
				CLANG_WARN_OBJC_ROOT_CLASS = YES_ERROR;
				CLANG_WARN_QUOTED_INCLUDE_IN_FRAMEWORK_HEADER = YES;
				CLANG_WARN_RANGE_LOOP_ANALYSIS = YES;
				CLANG_WARN_STRICT_PROTOTYPES = YES;
				CLANG_WARN_SUSPICIOUS_MOVE = YES;
				CLANG_WARN_UNGUARDED_AVAILABILITY = YES_AGGRESSIVE;
				CLANG_WARN_UNREACHABLE_CODE = YES;
				CLANG_WARN__DUPLICATE_METHOD_MATCH = YES;
				COPY_PHASE_STRIP = NO;
				DEBUG_INFORMATION_FORMAT = dwarf;
				ENABLE_STRICT_OBJC_MSGSEND = YES;
				ENABLE_TESTABILITY = YES;
				GCC_C_LANGUAGE_STANDARD = gnu11;
				GCC_DYNAMIC_NO_PIC = NO;
				GCC_NO_COMMON_BLOCKS = YES;
				GCC_OPTIMIZATION_LEVEL = 0;
				GCC_PREPROCESSOR_DEFINITIONS = (
					"DEBUG=1",
					"$(inherited)",
				);
				GCC_WARN_64_TO_32_BIT_CONVERSION = YES;
				GCC_WARN_ABOUT_RETURN_TYPE = YES_ERROR;
				GCC_WARN_UNDECLARED_SELECTOR = YES;
				GCC_WARN_UNINITIALIZED_AUTOS = YES_AGGRESSIVE;
				GCC_WARN_UNUSED_FUNCTION = YES;
				GCC_WARN_UNUSED_VARIABLE = YES;
				IPHONEOS_DEPLOYMENT_TARGET = 16.2;
				MTL_ENABLE_DEBUG_INFO = INCLUDE_SOURCE;
				MTL_FAST_MATH = YES;
				ONLY_ACTIVE_ARCH = YES;
				SDKROOT = iphoneos;
				SWIFT_ACTIVE_COMPILATION_CONDITIONS = DEBUG;
				SWIFT_OPTIMIZATION_LEVEL = "-Onone";
			};
			name = Debug;
		};
		59D9950229669C3000EB03FF /* Release */ = {
			isa = XCBuildConfiguration;
			buildSettings = {
				ALWAYS_SEARCH_USER_PATHS = NO;
				CLANG_ANALYZER_NONNULL = YES;
				CLANG_ANALYZER_NUMBER_OBJECT_CONVERSION = YES_AGGRESSIVE;
				CLANG_CXX_LANGUAGE_STANDARD = "gnu++20";
				CLANG_ENABLE_MODULES = YES;
				CLANG_ENABLE_OBJC_ARC = YES;
				CLANG_ENABLE_OBJC_WEAK = YES;
				CLANG_WARN_BLOCK_CAPTURE_AUTORELEASING = YES;
				CLANG_WARN_BOOL_CONVERSION = YES;
				CLANG_WARN_COMMA = YES;
				CLANG_WARN_CONSTANT_CONVERSION = YES;
				CLANG_WARN_DEPRECATED_OBJC_IMPLEMENTATIONS = YES;
				CLANG_WARN_DIRECT_OBJC_ISA_USAGE = YES_ERROR;
				CLANG_WARN_DOCUMENTATION_COMMENTS = YES;
				CLANG_WARN_EMPTY_BODY = YES;
				CLANG_WARN_ENUM_CONVERSION = YES;
				CLANG_WARN_INFINITE_RECURSION = YES;
				CLANG_WARN_INT_CONVERSION = YES;
				CLANG_WARN_NON_LITERAL_NULL_CONVERSION = YES;
				CLANG_WARN_OBJC_IMPLICIT_RETAIN_SELF = YES;
				CLANG_WARN_OBJC_LITERAL_CONVERSION = YES;
				CLANG_WARN_OBJC_ROOT_CLASS = YES_ERROR;
				CLANG_WARN_QUOTED_INCLUDE_IN_FRAMEWORK_HEADER = YES;
				CLANG_WARN_RANGE_LOOP_ANALYSIS = YES;
				CLANG_WARN_STRICT_PROTOTYPES = YES;
				CLANG_WARN_SUSPICIOUS_MOVE = YES;
				CLANG_WARN_UNGUARDED_AVAILABILITY = YES_AGGRESSIVE;
				CLANG_WARN_UNREACHABLE_CODE = YES;
				CLANG_WARN__DUPLICATE_METHOD_MATCH = YES;
				COPY_PHASE_STRIP = NO;
				DEBUG_INFORMATION_FORMAT = "dwarf-with-dsym";
				ENABLE_NS_ASSERTIONS = NO;
				ENABLE_STRICT_OBJC_MSGSEND = YES;
				GCC_C_LANGUAGE_STANDARD = gnu11;
				GCC_NO_COMMON_BLOCKS = YES;
				GCC_WARN_64_TO_32_BIT_CONVERSION = YES;
				GCC_WARN_ABOUT_RETURN_TYPE = YES_ERROR;
				GCC_WARN_UNDECLARED_SELECTOR = YES;
				GCC_WARN_UNINITIALIZED_AUTOS = YES_AGGRESSIVE;
				GCC_WARN_UNUSED_FUNCTION = YES;
				GCC_WARN_UNUSED_VARIABLE = YES;
				IPHONEOS_DEPLOYMENT_TARGET = 16.2;
				MTL_ENABLE_DEBUG_INFO = NO;
				MTL_FAST_MATH = YES;
				SDKROOT = iphoneos;
				SWIFT_COMPILATION_MODE = wholemodule;
				SWIFT_OPTIMIZATION_LEVEL = "-O";
				VALIDATE_PRODUCT = YES;
			};
			name = Release;
		};
		59D9950429669C3000EB03FF /* Debug */ = {
			isa = XCBuildConfiguration;
			buildSettings = {
				ASSETCATALOG_COMPILER_APPICON_NAME = AppIcon;
				ASSETCATALOG_COMPILER_GLOBAL_ACCENT_COLOR_NAME = AccentColor;
				CODE_SIGN_STYLE = Automatic;
				CURRENT_PROJECT_VERSION = 1;
				DEVELOPMENT_ASSET_PATHS = "\"Ecommerce App/Preview Content\"";
				ENABLE_PREVIEWS = YES;
				GENERATE_INFOPLIST_FILE = YES;
				INFOPLIST_KEY_UIApplicationSceneManifest_Generation = YES;
				INFOPLIST_KEY_UIApplicationSupportsIndirectInputEvents = YES;
				INFOPLIST_KEY_UILaunchScreen_Generation = YES;
				INFOPLIST_KEY_UISupportedInterfaceOrientations_iPad = "UIInterfaceOrientationPortrait UIInterfaceOrientationPortraitUpsideDown UIInterfaceOrientationLandscapeLeft UIInterfaceOrientationLandscapeRight";
				INFOPLIST_KEY_UISupportedInterfaceOrientations_iPhone = "UIInterfaceOrientationPortrait UIInterfaceOrientationLandscapeLeft UIInterfaceOrientationLandscapeRight";
				LD_RUNPATH_SEARCH_PATHS = (
					"$(inherited)",
					"@executable_path/Frameworks",
				);
				MARKETING_VERSION = 1.0;
				PRODUCT_BUNDLE_IDENTIFIER = "com.ecommerceapp.Ecommerce-App";
				PRODUCT_NAME = "$(TARGET_NAME)";
				SWIFT_EMIT_LOC_STRINGS = YES;
				SWIFT_VERSION = 5.0;
				TARGETED_DEVICE_FAMILY = "1,2";
			};
			name = Debug;
		};
		59D9950529669C3000EB03FF /* Release */ = {
			isa = XCBuildConfiguration;
			buildSettings = {
				ASSETCATALOG_COMPILER_APPICON_NAME = AppIcon;
				ASSETCATALOG_COMPILER_GLOBAL_ACCENT_COLOR_NAME = AccentColor;
				CODE_SIGN_STYLE = Automatic;
				CURRENT_PROJECT_VERSION = 1;
				DEVELOPMENT_ASSET_PATHS = "\"Ecommerce App/Preview Content\"";
				ENABLE_PREVIEWS = YES;
				GENERATE_INFOPLIST_FILE = YES;
				INFOPLIST_KEY_UIApplicationSceneManifest_Generation = YES;
				INFOPLIST_KEY_UIApplicationSupportsIndirectInputEvents = YES;
				INFOPLIST_KEY_UILaunchScreen_Generation = YES;
				INFOPLIST_KEY_UISupportedInterfaceOrientations_iPad = "UIInterfaceOrientationPortrait UIInterfaceOrientationPortraitUpsideDown UIInterfaceOrientationLandscapeLeft UIInterfaceOrientationLandscapeRight";
				INFOPLIST_KEY_UISupportedInterfaceOrientations_iPhone = "UIInterfaceOrientationPortrait UIInterfaceOrientationLandscapeLeft UIInterfaceOrientationLandscapeRight";
				LD_RUNPATH_SEARCH_PATHS = (
					"$(inherited)",
					"@executable_path/Frameworks",
				);
				MARKETING_VERSION = 1.0;
				PRODUCT_BUNDLE_IDENTIFIER = "com.ecommerceapp.Ecommerce-App";
				PRODUCT_NAME = "$(TARGET_NAME)";
				SWIFT_EMIT_LOC_STRINGS = YES;
				SWIFT_VERSION = 5.0;
				TARGETED_DEVICE_FAMILY = "1,2";
			};
			name = Release;
		};
/* End XCBuildConfiguration section */

/* Begin XCConfigurationList section */
		59D994F029669C2B00EB03FF /* Build configuration list for PBXProject "Ecommerce App" */ = {
			isa = XCConfigurationList;
			buildConfigurations = (
				59D9950129669C3000EB03FF /* Debug */,
				59D9950229669C3000EB03FF /* Release */,
			);
			defaultConfigurationIsVisible = 0;
			defaultConfigurationName = Release;
		};
		59D9950329669C3000EB03FF /* Build configuration list for PBXNativeTarget "Ecommerce App" */ = {
			isa = XCConfigurationList;
			buildConfigurations = (
				59D9950429669C3000EB03FF /* Debug */,
				59D9950529669C3000EB03FF /* Release */,
			);
			defaultConfigurationIsVisible = 0;
			defaultConfigurationName = Release;
		};
/* End XCConfigurationList section */

/* Begin XCRemoteSwiftPackageReference section */
		59D9956A2966AAF900EB03FF /* XCRemoteSwiftPackageReference "Kingfisher" */ = {
			isa = XCRemoteSwiftPackageReference;
			repositoryURL = "https://github.com/onevcat/Kingfisher.git";
			requirement = {
				branch = master;
				kind = branch;
			};
		};
		59D9956D2966AB6A00EB03FF /* XCRemoteSwiftPackageReference "lottie-ios" */ = {
			isa = XCRemoteSwiftPackageReference;
			repositoryURL = "https://github.com/airbnb/lottie-ios.git";
			requirement = {
				branch = master;
				kind = branch;
			};
		};
		59D995702966ABC900EB03FF /* XCRemoteSwiftPackageReference "SwiftUI-Shimmer" */ = {
			isa = XCRemoteSwiftPackageReference;
			repositoryURL = "https://github.com/markiv/SwiftUI-Shimmer.git";
			requirement = {
				kind = upToNextMajorVersion;
				minimumVersion = 1.0.0;
			};
		};
		59D995732966AC1C00EB03FF /* XCRemoteSwiftPackageReference "SwiftUI-Introspect" */ = {
			isa = XCRemoteSwiftPackageReference;
			repositoryURL = "https://github.com/siteline/SwiftUI-Introspect.git";
			requirement = {
				kind = upToNextMajorVersion;
				minimumVersion = 0.1.4;
			};
		};
/* End XCRemoteSwiftPackageReference section */

/* Begin XCSwiftPackageProductDependency section */
		59D9956B2966AAF900EB03FF /* Kingfisher */ = {
			isa = XCSwiftPackageProductDependency;
			package = 59D9956A2966AAF900EB03FF /* XCRemoteSwiftPackageReference "Kingfisher" */;
			productName = Kingfisher;
		};
		59D9956E2966AB6A00EB03FF /* Lottie */ = {
			isa = XCSwiftPackageProductDependency;
			package = 59D9956D2966AB6A00EB03FF /* XCRemoteSwiftPackageReference "lottie-ios" */;
			productName = Lottie;
		};
		59D995712966ABC900EB03FF /* Shimmer */ = {
			isa = XCSwiftPackageProductDependency;
			package = 59D995702966ABC900EB03FF /* XCRemoteSwiftPackageReference "SwiftUI-Shimmer" */;
			productName = Shimmer;
		};
		59D995742966AC1C00EB03FF /* Introspect */ = {
			isa = XCSwiftPackageProductDependency;
			package = 59D995732966AC1C00EB03FF /* XCRemoteSwiftPackageReference "SwiftUI-Introspect" */;
			productName = Introspect;
		};
/* End XCSwiftPackageProductDependency section */
	};
	rootObject = 59D994ED29669C2B00EB03FF /* Project object */;
}
